github.com/eyedeekay/i2pkeys v0.33.8 h1:f3llyruchFqs1QwCacBYbShArKPpMSSOqo/DVZXcfVs=
github.com/eyedeekay/i2pkeys v0.33.8/go.mod h1:W9KCm9lqZ+Ozwl3dwcgnpPXAML97+I8Jiht7o5A8YBM=
github.com/eyedeekay/sam3 v0.33.8 h1:emuSZ4qSyoqc1EDjIBFbJ3GXNHOXw6hjbNp2OqdOpgI=
github.com/eyedeekay/sam3 v0.33.8/go.mod h1:ytbwLYLJlW6UA92Ffyc6oioWTKnGeeUMr9CLuJbtqSA=
github.com/gorilla/websocket v1.5.3 h1:saDtZ6Pbx/0u+bgYQ3q96pZgCzfhKXGPqt7kZ72aNNg=
github.com/gorilla/websocket v1.5.3/go.mod h1:YR8l580nyteQvAITg2hZ9XVh4b55+EU/adAjf1fMHhE=
github.com/joho/godotenv v1.5.1 h1:7eLL/+HRGLY0ldzfGMeQkb7vMd0as4CfYvUVzLqw0N0=
github.com/joho/godotenv v1.5.1/go.mod h1:f4LDr5Voq0i2e/R5DDNOoa2zzDfwtkZa6DnEwAbqwq4=
golang.org/x/crypto v0.48.0 h1:/VRzVqiRSggnhY7gNRxPauEQ5Drw9haKdM0jqfcCFts=
golang.org/x/crypto v0.48.0/go.mod h1:r0kV5h3qnFPlQnBSrULhlsRfryS2pmewsg+XfMgkVos=
