github.com/eyedeekay/i2pkeys v0.33.8 h1:f3llyruchFqs1QwCacBYbShArKPpMSSOqo/DVZXcfVs=
github.com/eyedeekay/i2pkeys v0.33.8/go.mod h1:W9KCm9lqZ+Ozwl3dwcgnpPXAML97+I8Jiht7o5A8YBM=
github.com/eyedeekay/sam3 v0.33.8 h1:emuSZ4qSyoqc1EDjIBFbJ3GXNHOXw6hjbNp2OqdOpgI=
github.com/eyedeekay/sam3 v0.33.8/go.mod h1:ytbwLYLJlW6UA92Ffyc6oioWTKnGeeUMr9CLuJbtqSA=
github.com/gorilla/websocket v1.5.3 h1:saDtZ6Pbx/0u+bgYQ3q96pZgCzfhKXGPqt7kZ72aNNg=
github.com/gorilla/websocket v1.5.3/go.mod h1:YR8l580nyteQvAITg2hZ9XVh4b55+EU/adAjf1fMHhE=
golang.org/x/crypto v0.49.0 h1:+Ng2ULVvLHnJ/ZFEq4KdcDd/cfjrrjjNSXNzxg0Y4U4=
golang.org/x/crypto v0.49.0/go.mod h1:ErX4dUh2UM+CFYiXZRTcMpEcN8b/1gxEuv3nODoYtCA=
